
Microsoft Visual Studio Solution File, Format Version 12.00
# Visual Studio Version 17
VisualStudioVersion = 17.14.36414.22 d17.14
MinimumVisualStudioVersion = 10.0.40219.1
Project("{FAE04EC0-301F-11D3-BF4B-00C04F79EFBC}") = "OOP-ASSIGNMENT1", "OOP-ASSIGNMENT1\OOP-ASSIGNMENT1.csproj", "{AAD2524F-903B-4151-B9EB-6F94A2B01DA3}"
EndProject
Global
	GlobalSection(SolutionConfigurationPlatforms) = preSolution
		Debug|Any CPU = Debug|Any CPU
		Release|Any CPU = Release|Any CPU
	EndGlobalSection
	GlobalSection(ProjectConfigurationPlatforms) = postSolution
		{AAD2524F-903B-4151-B9EB-6F94A2B01DA3}.Debug|Any CPU.ActiveCfg = Debug|Any CPU
		{AAD2524F-903B-4151-B9EB-6F94A2B01DA3}.Debug|Any CPU.Build.0 = Debug|Any CPU
		{AAD2524F-903B-4151-B9EB-6F94A2B01DA3}.Release|Any CPU.ActiveCfg = Release|Any CPU
		{AAD2524F-903B-4151-B9EB-6F94A2B01DA3}.Release|Any CPU.Build.0 = Release|Any CPU
	EndGlobalSection
	GlobalSection(SolutionProperties) = preSolution
		HideSolutionNode = FALSE
	EndGlobalSection
	GlobalSection(ExtensibilityGlobals) = postSolution
		SolutionGuid = {DE76824E-3DC2-454C-8C6C-8A1394B9AAF6}
	EndGlobalSection
EndGlobal
